// !$*UTF8*$!
{
	archiveVersion = 1;
	classes = {
	};
	objectVersion = 50;
	objects = {

/* Begin PBXBuildFile section */
		91165D9620A22A060034D120 /* CreateIceCreamViewInterface.swift in Sources */ = {isa = PBXBuildFile; fileRef = 91165D9520A22A060034D120 /* CreateIceCreamViewInterface.swift */; };
		91165D9820A22EB10034D120 /* CreateIceCreamViewController.swift in Sources */ = {isa = PBXBuildFile; fileRef = 91165D9720A22EB10034D120 /* CreateIceCreamViewController.swift */; };
		91165D9A20A22EC60034D120 /* CreateIceCreamViewController.storyboard in Resources */ = {isa = PBXBuildFile; fileRef = 91165D9920A22EC60034D120 /* CreateIceCreamViewController.storyboard */; };
		91165D9E20A234DC0034D120 /* CreateIceCreamPresenter.swift in Sources */ = {isa = PBXBuildFile; fileRef = 91165D9D20A234DC0034D120 /* CreateIceCreamPresenter.swift */; };
		91165DA120A234FF0034D120 /* CreateIceCreamInteractorInterface.swift in Sources */ = {isa = PBXBuildFile; fileRef = 91165DA020A234FF0034D120 /* CreateIceCreamInteractorInterface.swift */; };
		91165DA320A2353A0034D120 /* CreateIceCreamPresenterInterface.swift in Sources */ = {isa = PBXBuildFile; fileRef = 91165DA220A2353A0034D120 /* CreateIceCreamPresenterInterface.swift */; };
		91165DA520A240AE0034D120 /* BidirectionalMapper.swift in Sources */ = {isa = PBXBuildFile; fileRef = 91165DA420A240AE0034D120 /* BidirectionalMapper.swift */; };
		91165DA820A243C70034D120 /* CreateIceCreamModuleAssembly.swift in Sources */ = {isa = PBXBuildFile; fileRef = 91165DA720A243C70034D120 /* CreateIceCreamModuleAssembly.swift */; };
		91165DAA20A2442F0034D120 /* CreateIceCreamInteractor.swift in Sources */ = {isa = PBXBuildFile; fileRef = 91165DA920A2442F0034D120 /* CreateIceCreamInteractor.swift */; };
		91165DAD20A2471D0034D120 /* IceCreamWeightMapper.swift in Sources */ = {isa = PBXBuildFile; fileRef = 91165DAC20A2471D0034D120 /* IceCreamWeightMapper.swift */; };
		91973B7220A38FA000BEC521 /* IceCreamToFirebaseObjectMapper.swift in Sources */ = {isa = PBXBuildFile; fileRef = 91973B7120A38FA000BEC521 /* IceCreamToFirebaseObjectMapper.swift */; };
		91973B7620A3988300BEC521 /* IceCreamListViewController.swift in Sources */ = {isa = PBXBuildFile; fileRef = 91973B7520A3988300BEC521 /* IceCreamListViewController.swift */; };
		91973B7820A3989100BEC521 /* IceCreamListViewController.storyboard in Resources */ = {isa = PBXBuildFile; fileRef = 91973B7720A3989100BEC521 /* IceCreamListViewController.storyboard */; };
		91973B7A20A39A7D00BEC521 /* IceCreamListTableViewCell.swift in Sources */ = {isa = PBXBuildFile; fileRef = 91973B7920A39A7D00BEC521 /* IceCreamListTableViewCell.swift */; };
		91973B7C20A39B0500BEC521 /* IceCreamListViewInterface.swift in Sources */ = {isa = PBXBuildFile; fileRef = 91973B7B20A39B0500BEC521 /* IceCreamListViewInterface.swift */; };
		91973B7F20A39DA400BEC521 /* IceCreamListPresenter.swift in Sources */ = {isa = PBXBuildFile; fileRef = 91973B7E20A39DA400BEC521 /* IceCreamListPresenter.swift */; };
		91973B8220A39E1800BEC521 /* IceCreamListInteractor.swift in Sources */ = {isa = PBXBuildFile; fileRef = 91973B8120A39E1800BEC521 /* IceCreamListInteractor.swift */; };
		91973B8420A39E3F00BEC521 /* IceCreamListInteractorInterface.swift in Sources */ = {isa = PBXBuildFile; fileRef = 91973B8320A39E3F00BEC521 /* IceCreamListInteractorInterface.swift */; };
		91973B8920A3A3C700BEC521 /* FirebaseDataFetchStrategy.swift in Sources */ = {isa = PBXBuildFile; fileRef = 91973B8820A3A3C700BEC521 /* FirebaseDataFetchStrategy.swift */; };
		91973B8B20A3A3DB00BEC521 /* SingleValueFirebaseDataFetchStrategy.swift in Sources */ = {isa = PBXBuildFile; fileRef = 91973B8A20A3A3DB00BEC521 /* SingleValueFirebaseDataFetchStrategy.swift */; };
		91973B8D20A3A3F100BEC521 /* ObserveValueFirebaseDataFetchStrategy.swift in Sources */ = {isa = PBXBuildFile; fileRef = 91973B8C20A3A3F100BEC521 /* ObserveValueFirebaseDataFetchStrategy.swift */; };
		91973B8F20A3ABD300BEC521 /* IceCreamTemperatureMapper.swift in Sources */ = {isa = PBXBuildFile; fileRef = 91973B8E20A3ABD300BEC521 /* IceCreamTemperatureMapper.swift */; };
		91973B9220A3AC9F00BEC521 /* IceCreamListModuleAssembly.swift in Sources */ = {isa = PBXBuildFile; fileRef = 91973B9120A3AC9F00BEC521 /* IceCreamListModuleAssembly.swift */; };
		91973B9620A3AD6B00BEC521 /* ModuleAssembly.swift in Sources */ = {isa = PBXBuildFile; fileRef = 91973B9520A3AD6B00BEC521 /* ModuleAssembly.swift */; };
		91973B9820A3AF7E00BEC521 /* UppercasedStringMapper.swift in Sources */ = {isa = PBXBuildFile; fileRef = 91973B9720A3AF7E00BEC521 /* UppercasedStringMapper.swift */; };
		91973B9A20A3B00200BEC521 /* CapitalizedStringMapper.swift in Sources */ = {isa = PBXBuildFile; fileRef = 91973B9920A3B00200BEC521 /* CapitalizedStringMapper.swift */; };
		91973B9C20A3B1F600BEC521 /* NumberFormatterBidirectionalMapperAdapter.swift in Sources */ = {isa = PBXBuildFile; fileRef = 91973B9B20A3B1F600BEC521 /* NumberFormatterBidirectionalMapperAdapter.swift */; };
		91973B9E20A3B23400BEC521 /* OptionalizeMapperOutput.swift in Sources */ = {isa = PBXBuildFile; fileRef = 91973B9D20A3B23400BEC521 /* OptionalizeMapperOutput.swift */; };
		91973BA020A3B2F600BEC521 /* OptionalizeMapper.swift in Sources */ = {isa = PBXBuildFile; fileRef = 91973B9F20A3B2F600BEC521 /* OptionalizeMapper.swift */; };
		91973BA220A3B54B00BEC521 /* OptionalizeMapperInput.swift in Sources */ = {isa = PBXBuildFile; fileRef = 91973BA120A3B54B00BEC521 /* OptionalizeMapperInput.swift */; };
		91973BA520A3B79C00BEC521 /* FirebaseCollectionMapper.swift in Sources */ = {isa = PBXBuildFile; fileRef = 91973BA420A3B79C00BEC521 /* FirebaseCollectionMapper.swift */; };
		91973BA720A3BF4400BEC521 /* FirebaseObjectToIceCreamMapper.swift in Sources */ = {isa = PBXBuildFile; fileRef = 91973BA620A3BF4400BEC521 /* FirebaseObjectToIceCreamMapper.swift */; };
		91973BA920A3BFD700BEC521 /* TransitMapper.swift in Sources */ = {isa = PBXBuildFile; fileRef = 91973BA820A3BFD700BEC521 /* TransitMapper.swift */; };
		91CE876B20A0DA3C0029B367 /* GoogleService-Info.plist in Resources */ = {isa = PBXBuildFile; fileRef = 91CE876A20A0DA3C0029B367 /* GoogleService-Info.plist */; };
		91CE876D20A0DAC90029B367 /* GoogleService-Info.plist in Resources */ = {isa = PBXBuildFile; fileRef = 91CE876C20A0DAC90029B367 /* GoogleService-Info.plist */; };
		91CE877020A0DF1A0029B367 /* IceCream.swift in Sources */ = {isa = PBXBuildFile; fileRef = 91CE876F20A0DF1A0029B367 /* IceCream.swift */; };
		91CE877320A0DF980029B367 /* Repository.swift in Sources */ = {isa = PBXBuildFile; fileRef = 91CE877220A0DF980029B367 /* Repository.swift */; };
		91CE877520A0E7710029B367 /* WritableRepository.swift in Sources */ = {isa = PBXBuildFile; fileRef = 91CE877420A0E7710029B367 /* WritableRepository.swift */; };
		91CE877720A0E7840029B367 /* ReadableRepository.swift in Sources */ = {isa = PBXBuildFile; fileRef = 91CE877620A0E7840029B367 /* ReadableRepository.swift */; };
		91CE877E20A0ED430029B367 /* FirebaseReadableRepository.swift in Sources */ = {isa = PBXBuildFile; fileRef = 91CE877D20A0ED430029B367 /* FirebaseReadableRepository.swift */; };
		91CE878020A0ED510029B367 /* FirebaseWritableRepository.swift in Sources */ = {isa = PBXBuildFile; fileRef = 91CE877F20A0ED510029B367 /* FirebaseWritableRepository.swift */; };
		91CE878320A0EF350029B367 /* Mapper.swift in Sources */ = {isa = PBXBuildFile; fileRef = 91CE878220A0EF350029B367 /* Mapper.swift */; };
		91E650BD20A0D7EA0093800E /* AppDelegate.swift in Sources */ = {isa = PBXBuildFile; fileRef = 91E650BC20A0D7EA0093800E /* AppDelegate.swift */; };
		91E650C420A0D7EC0093800E /* Assets.xcassets in Resources */ = {isa = PBXBuildFile; fileRef = 91E650C320A0D7EC0093800E /* Assets.xcassets */; };
		91E650C720A0D7EC0093800E /* LaunchScreen.storyboard in Resources */ = {isa = PBXBuildFile; fileRef = 91E650C520A0D7EC0093800E /* LaunchScreen.storyboard */; };
		91E650D520A0D83A0093800E /* AppDelegate.swift in Sources */ = {isa = PBXBuildFile; fileRef = 91E650D420A0D83A0093800E /* AppDelegate.swift */; };
		91E650D720A0D83A0093800E /* ViewController.swift in Sources */ = {isa = PBXBuildFile; fileRef = 91E650D620A0D83A0093800E /* ViewController.swift */; };
		91E650DA20A0D83B0093800E /* Main.storyboard in Resources */ = {isa = PBXBuildFile; fileRef = 91E650D820A0D83B0093800E /* Main.storyboard */; };
		91E650DC20A0D83B0093800E /* Assets.xcassets in Resources */ = {isa = PBXBuildFile; fileRef = 91E650DB20A0D83B0093800E /* Assets.xcassets */; };
		91E650DF20A0D83B0093800E /* LaunchScreen.storyboard in Resources */ = {isa = PBXBuildFile; fileRef = 91E650DD20A0D83B0093800E /* LaunchScreen.storyboard */; };
		A93C4BF02F556A074935DE70 /* Pods_IceCreamFactory.framework in Frameworks */ = {isa = PBXBuildFile; fileRef = B32272C0B0BD442C3AEC89FB /* Pods_IceCreamFactory.framework */; };
		AD87513246D58D94872626E5 /* Pods_IceCreamViewer.framework in Frameworks */ = {isa = PBXBuildFile; fileRef = F77252DA80ACDD1B632E77F9 /* Pods_IceCreamViewer.framework */; };
/* End PBXBuildFile section */

/* Begin PBXFileReference section */
		040C9F5B2D9D03957C7E3C9B /* Pods-IceCreamViewer.release.xcconfig */ = {isa = PBXFileReference; includeInIndex = 1; lastKnownFileType = text.xcconfig; name = "Pods-IceCreamViewer.release.xcconfig"; path = "Pods/Target Support Files/Pods-IceCreamViewer/Pods-IceCreamViewer.release.xcconfig"; sourceTree = "<group>"; };
		4402A2591170EE1BF919C9C6 /* Pods-IceCreamViewer.debug.xcconfig */ = {isa = PBXFileReference; includeInIndex = 1; lastKnownFileType = text.xcconfig; name = "Pods-IceCreamViewer.debug.xcconfig"; path = "Pods/Target Support Files/Pods-IceCreamViewer/Pods-IceCreamViewer.debug.xcconfig"; sourceTree = "<group>"; };
		5D1D8336127F0E0508EB1E43 /* Pods-IceCreamFactory.release.xcconfig */ = {isa = PBXFileReference; includeInIndex = 1; lastKnownFileType = text.xcconfig; name = "Pods-IceCreamFactory.release.xcconfig"; path = "Pods/Target Support Files/Pods-IceCreamFactory/Pods-IceCreamFactory.release.xcconfig"; sourceTree = "<group>"; };
		91165D9520A22A060034D120 /* CreateIceCreamViewInterface.swift */ = {isa = PBXFileReference; lastKnownFileType = sourcecode.swift; path = CreateIceCreamViewInterface.swift; sourceTree = "<group>"; };
		91165D9720A22EB10034D120 /* CreateIceCreamViewController.swift */ = {isa = PBXFileReference; lastKnownFileType = sourcecode.swift; path = CreateIceCreamViewController.swift; sourceTree = "<group>"; };
		91165D9920A22EC60034D120 /* CreateIceCreamViewController.storyboard */ = {isa = PBXFileReference; lastKnownFileType = file.storyboard; path = CreateIceCreamViewController.storyboard; sourceTree = "<group>"; };
		91165D9D20A234DC0034D120 /* CreateIceCreamPresenter.swift */ = {isa = PBXFileReference; lastKnownFileType = sourcecode.swift; path = CreateIceCreamPresenter.swift; sourceTree = "<group>"; };
		91165DA020A234FF0034D120 /* CreateIceCreamInteractorInterface.swift */ = {isa = PBXFileReference; lastKnownFileType = sourcecode.swift; path = CreateIceCreamInteractorInterface.swift; sourceTree = "<group>"; };
		91165DA220A2353A0034D120 /* CreateIceCreamPresenterInterface.swift */ = {isa = PBXFileReference; lastKnownFileType = sourcecode.swift; path = CreateIceCreamPresenterInterface.swift; sourceTree = "<group>"; };
		91165DA420A240AE0034D120 /* BidirectionalMapper.swift */ = {isa = PBXFileReference; lastKnownFileType = sourcecode.swift; path = BidirectionalMapper.swift; sourceTree = "<group>"; };
		91165DA720A243C70034D120 /* CreateIceCreamModuleAssembly.swift */ = {isa = PBXFileReference; lastKnownFileType = sourcecode.swift; path = CreateIceCreamModuleAssembly.swift; sourceTree = "<group>"; };
		91165DA920A2442F0034D120 /* CreateIceCreamInteractor.swift */ = {isa = PBXFileReference; lastKnownFileType = sourcecode.swift; path = CreateIceCreamInteractor.swift; sourceTree = "<group>"; };
		91165DAC20A2471D0034D120 /* IceCreamWeightMapper.swift */ = {isa = PBXFileReference; lastKnownFileType = sourcecode.swift; path = IceCreamWeightMapper.swift; sourceTree = "<group>"; };
		91973B7120A38FA000BEC521 /* IceCreamToFirebaseObjectMapper.swift */ = {isa = PBXFileReference; lastKnownFileType = sourcecode.swift; path = IceCreamToFirebaseObjectMapper.swift; sourceTree = "<group>"; };
		91973B7520A3988300BEC521 /* IceCreamListViewController.swift */ = {isa = PBXFileReference; lastKnownFileType = sourcecode.swift; path = IceCreamListViewController.swift; sourceTree = "<group>"; };
		91973B7720A3989100BEC521 /* IceCreamListViewController.storyboard */ = {isa = PBXFileReference; lastKnownFileType = file.storyboard; path = IceCreamListViewController.storyboard; sourceTree = "<group>"; };
		91973B7920A39A7D00BEC521 /* IceCreamListTableViewCell.swift */ = {isa = PBXFileReference; lastKnownFileType = sourcecode.swift; path = IceCreamListTableViewCell.swift; sourceTree = "<group>"; };
		91973B7B20A39B0500BEC521 /* IceCreamListViewInterface.swift */ = {isa = PBXFileReference; lastKnownFileType = sourcecode.swift; path = IceCreamListViewInterface.swift; sourceTree = "<group>"; };
		91973B7E20A39DA400BEC521 /* IceCreamListPresenter.swift */ = {isa = PBXFileReference; lastKnownFileType = sourcecode.swift; path = IceCreamListPresenter.swift; sourceTree = "<group>"; };
		91973B8120A39E1800BEC521 /* IceCreamListInteractor.swift */ = {isa = PBXFileReference; lastKnownFileType = sourcecode.swift; path = IceCreamListInteractor.swift; sourceTree = "<group>"; };
		91973B8320A39E3F00BEC521 /* IceCreamListInteractorInterface.swift */ = {isa = PBXFileReference; lastKnownFileType = sourcecode.swift; path = IceCreamListInteractorInterface.swift; sourceTree = "<group>"; };
		91973B8820A3A3C700BEC521 /* FirebaseDataFetchStrategy.swift */ = {isa = PBXFileReference; lastKnownFileType = sourcecode.swift; path = FirebaseDataFetchStrategy.swift; sourceTree = "<group>"; };
		91973B8A20A3A3DB00BEC521 /* SingleValueFirebaseDataFetchStrategy.swift */ = {isa = PBXFileReference; lastKnownFileType = sourcecode.swift; path = SingleValueFirebaseDataFetchStrategy.swift; sourceTree = "<group>"; };
		91973B8C20A3A3F100BEC521 /* ObserveValueFirebaseDataFetchStrategy.swift */ = {isa = PBXFileReference; lastKnownFileType = sourcecode.swift; path = ObserveValueFirebaseDataFetchStrategy.swift; sourceTree = "<group>"; };
		91973B8E20A3ABD300BEC521 /* IceCreamTemperatureMapper.swift */ = {isa = PBXFileReference; lastKnownFileType = sourcecode.swift; path = IceCreamTemperatureMapper.swift; sourceTree = "<group>"; };
		91973B9120A3AC9F00BEC521 /* IceCreamListModuleAssembly.swift */ = {isa = PBXFileReference; lastKnownFileType = sourcecode.swift; path = IceCreamListModuleAssembly.swift; sourceTree = "<group>"; };
		91973B9520A3AD6B00BEC521 /* ModuleAssembly.swift */ = {isa = PBXFileReference; lastKnownFileType = sourcecode.swift; path = ModuleAssembly.swift; sourceTree = "<group>"; };
		91973B9720A3AF7E00BEC521 /* UppercasedStringMapper.swift */ = {isa = PBXFileReference; lastKnownFileType = sourcecode.swift; path = UppercasedStringMapper.swift; sourceTree = "<group>"; };
		91973B9920A3B00200BEC521 /* CapitalizedStringMapper.swift */ = {isa = PBXFileReference; lastKnownFileType = sourcecode.swift; path = CapitalizedStringMapper.swift; sourceTree = "<group>"; };
		91973B9B20A3B1F600BEC521 /* NumberFormatterBidirectionalMapperAdapter.swift */ = {isa = PBXFileReference; lastKnownFileType = sourcecode.swift; path = NumberFormatterBidirectionalMapperAdapter.swift; sourceTree = "<group>"; };
		91973B9D20A3B23400BEC521 /* OptionalizeMapperOutput.swift */ = {isa = PBXFileReference; lastKnownFileType = sourcecode.swift; path = OptionalizeMapperOutput.swift; sourceTree = "<group>"; };
		91973B9F20A3B2F600BEC521 /* OptionalizeMapper.swift */ = {isa = PBXFileReference; lastKnownFileType = sourcecode.swift; path = OptionalizeMapper.swift; sourceTree = "<group>"; };
		91973BA120A3B54B00BEC521 /* OptionalizeMapperInput.swift */ = {isa = PBXFileReference; lastKnownFileType = sourcecode.swift; path = OptionalizeMapperInput.swift; sourceTree = "<group>"; };
		91973BA420A3B79C00BEC521 /* FirebaseCollectionMapper.swift */ = {isa = PBXFileReference; lastKnownFileType = sourcecode.swift; path = FirebaseCollectionMapper.swift; sourceTree = "<group>"; };
		91973BA620A3BF4400BEC521 /* FirebaseObjectToIceCreamMapper.swift */ = {isa = PBXFileReference; lastKnownFileType = sourcecode.swift; path = FirebaseObjectToIceCreamMapper.swift; sourceTree = "<group>"; };
		91973BA820A3BFD700BEC521 /* TransitMapper.swift */ = {isa = PBXFileReference; lastKnownFileType = sourcecode.swift; path = TransitMapper.swift; sourceTree = "<group>"; };
		91CE876A20A0DA3C0029B367 /* GoogleService-Info.plist */ = {isa = PBXFileReference; fileEncoding = 4; lastKnownFileType = text.plist.xml; path = "GoogleService-Info.plist"; sourceTree = "<group>"; };
		91CE876C20A0DAC90029B367 /* GoogleService-Info.plist */ = {isa = PBXFileReference; fileEncoding = 4; lastKnownFileType = text.plist.xml; path = "GoogleService-Info.plist"; sourceTree = "<group>"; };
		91CE876F20A0DF1A0029B367 /* IceCream.swift */ = {isa = PBXFileReference; lastKnownFileType = sourcecode.swift; path = IceCream.swift; sourceTree = "<group>"; };
		91CE877220A0DF980029B367 /* Repository.swift */ = {isa = PBXFileReference; lastKnownFileType = sourcecode.swift; path = Repository.swift; sourceTree = "<group>"; };
		91CE877420A0E7710029B367 /* WritableRepository.swift */ = {isa = PBXFileReference; lastKnownFileType = sourcecode.swift; path = WritableRepository.swift; sourceTree = "<group>"; };
		91CE877620A0E7840029B367 /* ReadableRepository.swift */ = {isa = PBXFileReference; lastKnownFileType = sourcecode.swift; path = ReadableRepository.swift; sourceTree = "<group>"; };
		91CE877D20A0ED430029B367 /* FirebaseReadableRepository.swift */ = {isa = PBXFileReference; lastKnownFileType = sourcecode.swift; path = FirebaseReadableRepository.swift; sourceTree = "<group>"; };
		91CE877F20A0ED510029B367 /* FirebaseWritableRepository.swift */ = {isa = PBXFileReference; lastKnownFileType = sourcecode.swift; path = FirebaseWritableRepository.swift; sourceTree = "<group>"; };
		91CE878220A0EF350029B367 /* Mapper.swift */ = {isa = PBXFileReference; lastKnownFileType = sourcecode.swift; path = Mapper.swift; sourceTree = "<group>"; };
		91E650B920A0D7EA0093800E /* IceCreamFactory.app */ = {isa = PBXFileReference; explicitFileType = wrapper.application; includeInIndex = 0; path = IceCreamFactory.app; sourceTree = BUILT_PRODUCTS_DIR; };
		91E650BC20A0D7EA0093800E /* AppDelegate.swift */ = {isa = PBXFileReference; lastKnownFileType = sourcecode.swift; path = AppDelegate.swift; sourceTree = "<group>"; };
		91E650C320A0D7EC0093800E /* Assets.xcassets */ = {isa = PBXFileReference; lastKnownFileType = folder.assetcatalog; path = Assets.xcassets; sourceTree = "<group>"; };
		91E650C620A0D7EC0093800E /* Base */ = {isa = PBXFileReference; lastKnownFileType = file.storyboard; name = Base; path = Base.lproj/LaunchScreen.storyboard; sourceTree = "<group>"; };
		91E650C820A0D7EC0093800E /* Info.plist */ = {isa = PBXFileReference; lastKnownFileType = text.plist.xml; path = Info.plist; sourceTree = "<group>"; };
		91E650D220A0D83A0093800E /* IceCreamViewer.app */ = {isa = PBXFileReference; explicitFileType = wrapper.application; includeInIndex = 0; path = IceCreamViewer.app; sourceTree = BUILT_PRODUCTS_DIR; };
		91E650D420A0D83A0093800E /* AppDelegate.swift */ = {isa = PBXFileReference; lastKnownFileType = sourcecode.swift; path = AppDelegate.swift; sourceTree = "<group>"; };
		91E650D620A0D83A0093800E /* ViewController.swift */ = {isa = PBXFileReference; lastKnownFileType = sourcecode.swift; path = ViewController.swift; sourceTree = "<group>"; };
		91E650D920A0D83B0093800E /* Base */ = {isa = PBXFileReference; lastKnownFileType = file.storyboard; name = Base; path = Base.lproj/Main.storyboard; sourceTree = "<group>"; };
		91E650DB20A0D83B0093800E /* Assets.xcassets */ = {isa = PBXFileReference; lastKnownFileType = folder.assetcatalog; path = Assets.xcassets; sourceTree = "<group>"; };
		91E650DE20A0D83B0093800E /* Base */ = {isa = PBXFileReference; lastKnownFileType = file.storyboard; name = Base; path = Base.lproj/LaunchScreen.storyboard; sourceTree = "<group>"; };
		91E650E020A0D83B0093800E /* Info.plist */ = {isa = PBXFileReference; lastKnownFileType = text.plist.xml; path = Info.plist; sourceTree = "<group>"; };
		AA452B552D10EFC3FB8BA548 /* Pods-IceCreamFactory.debug.xcconfig */ = {isa = PBXFileReference; includeInIndex = 1; lastKnownFileType = text.xcconfig; name = "Pods-IceCreamFactory.debug.xcconfig"; path = "Pods/Target Support Files/Pods-IceCreamFactory/Pods-IceCreamFactory.debug.xcconfig"; sourceTree = "<group>"; };
		B32272C0B0BD442C3AEC89FB /* Pods_IceCreamFactory.framework */ = {isa = PBXFileReference; explicitFileType = wrapper.framework; includeInIndex = 0; path = Pods_IceCreamFactory.framework; sourceTree = BUILT_PRODUCTS_DIR; };
		F77252DA80ACDD1B632E77F9 /* Pods_IceCreamViewer.framework */ = {isa = PBXFileReference; explicitFileType = wrapper.framework; includeInIndex = 0; path = Pods_IceCreamViewer.framework; sourceTree = BUILT_PRODUCTS_DIR; };
/* End PBXFileReference section */

/* Begin PBXFrameworksBuildPhase section */
		91E650B620A0D7EA0093800E /* Frameworks */ = {
			isa = PBXFrameworksBuildPhase;
			buildActionMask = 2147483647;
			files = (
				A93C4BF02F556A074935DE70 /* Pods_IceCreamFactory.framework in Frameworks */,
			);
			runOnlyForDeploymentPostprocessing = 0;
		};
		91E650CF20A0D83A0093800E /* Frameworks */ = {
			isa = PBXFrameworksBuildPhase;
			buildActionMask = 2147483647;
			files = (
				AD87513246D58D94872626E5 /* Pods_IceCreamViewer.framework in Frameworks */,
			);
			runOnlyForDeploymentPostprocessing = 0;
		};
/* End PBXFrameworksBuildPhase section */

/* Begin PBXGroup section */
		6F52340AEA2094D2272084F0 /* Pods */ = {
			isa = PBXGroup;
			children = (
				AA452B552D10EFC3FB8BA548 /* Pods-IceCreamFactory.debug.xcconfig */,
				5D1D8336127F0E0508EB1E43 /* Pods-IceCreamFactory.release.xcconfig */,
				4402A2591170EE1BF919C9C6 /* Pods-IceCreamViewer.debug.xcconfig */,
				040C9F5B2D9D03957C7E3C9B /* Pods-IceCreamViewer.release.xcconfig */,
			);
			name = Pods;
			sourceTree = "<group>";
		};
		91165D9B20A234BB0034D120 /* View */ = {
			isa = PBXGroup;
			children = (
				91165D9520A22A060034D120 /* CreateIceCreamViewInterface.swift */,
				91165D9720A22EB10034D120 /* CreateIceCreamViewController.swift */,
				91165D9920A22EC60034D120 /* CreateIceCreamViewController.storyboard */,
			);
			path = View;
			sourceTree = "<group>";
		};
		91165D9C20A234CF0034D120 /* Presenter */ = {
			isa = PBXGroup;
			children = (
				91165DA220A2353A0034D120 /* CreateIceCreamPresenterInterface.swift */,
				91165D9D20A234DC0034D120 /* CreateIceCreamPresenter.swift */,
			);
			path = Presenter;
			sourceTree = "<group>";
		};
		91165D9F20A234F30034D120 /* Interactor */ = {
			isa = PBXGroup;
			children = (
				91165DA020A234FF0034D120 /* CreateIceCreamInteractorInterface.swift */,
				91165DA920A2442F0034D120 /* CreateIceCreamInteractor.swift */,
			);
			path = Interactor;
			sourceTree = "<group>";
		};
		91165DA620A243B10034D120 /* Assembly */ = {
			isa = PBXGroup;
			children = (
				91165DA720A243C70034D120 /* CreateIceCreamModuleAssembly.swift */,
			);
			path = Assembly;
			sourceTree = "<group>";
		};
		91165DAB20A2470E0034D120 /* Shared */ = {
			isa = PBXGroup;
			children = (
				91165DAC20A2471D0034D120 /* IceCreamWeightMapper.swift */,
				91973B8E20A3ABD300BEC521 /* IceCreamTemperatureMapper.swift */,
				91973B9B20A3B1F600BEC521 /* NumberFormatterBidirectionalMapperAdapter.swift */,
				91973B9720A3AF7E00BEC521 /* UppercasedStringMapper.swift */,
				91973B9920A3B00200BEC521 /* CapitalizedStringMapper.swift */,
			);
			path = Shared;
			sourceTree = "<group>";
		};
		91165DAE20A24B3A0034D120 /* CreateIceCream */ = {
			isa = PBXGroup;
			children = (
				91165D9B20A234BB0034D120 /* View */,
				91165D9C20A234CF0034D120 /* Presenter */,
				91165D9F20A234F30034D120 /* Interactor */,
				91165DA620A243B10034D120 /* Assembly */,
			);
			path = CreateIceCream;
			sourceTree = "<group>";
		};
		91973B7320A3986300BEC521 /* IceCreamList */ = {
			isa = PBXGroup;
			children = (
				91973B7420A3986D00BEC521 /* View */,
				91973B7D20A39D9800BEC521 /* Presenter */,
				91973B8020A39E0B00BEC521 /* Interactor */,
				91973B9020A3AC7F00BEC521 /* Assembly */,
			);
			path = IceCreamList;
			sourceTree = "<group>";
		};
		91973B7420A3986D00BEC521 /* View */ = {
			isa = PBXGroup;
			children = (
				91973B7B20A39B0500BEC521 /* IceCreamListViewInterface.swift */,
				91973B7520A3988300BEC521 /* IceCreamListViewController.swift */,
				91973B7920A39A7D00BEC521 /* IceCreamListTableViewCell.swift */,
				91973B7720A3989100BEC521 /* IceCreamListViewController.storyboard */,
			);
			path = View;
			sourceTree = "<group>";
		};
		91973B7D20A39D9800BEC521 /* Presenter */ = {
			isa = PBXGroup;
			children = (
				91973B7E20A39DA400BEC521 /* IceCreamListPresenter.swift */,
			);
			path = Presenter;
			sourceTree = "<group>";
		};
		91973B8020A39E0B00BEC521 /* Interactor */ = {
			isa = PBXGroup;
			children = (
				91973B8320A39E3F00BEC521 /* IceCreamListInteractorInterface.swift */,
				91973B8120A39E1800BEC521 /* IceCreamListInteractor.swift */,
			);
			path = Interactor;
			sourceTree = "<group>";
		};
		91973B8720A3A3C000BEC521 /* FirebaseDataFetchStrategy */ = {
			isa = PBXGroup;
			children = (
				91973B8820A3A3C700BEC521 /* FirebaseDataFetchStrategy.swift */,
				91973B8A20A3A3DB00BEC521 /* SingleValueFirebaseDataFetchStrategy.swift */,
				91973B8C20A3A3F100BEC521 /* ObserveValueFirebaseDataFetchStrategy.swift */,
			);
			path = FirebaseDataFetchStrategy;
			sourceTree = "<group>";
		};
		91973B9020A3AC7F00BEC521 /* Assembly */ = {
			isa = PBXGroup;
			children = (
				91973B9120A3AC9F00BEC521 /* IceCreamListModuleAssembly.swift */,
			);
			path = Assembly;
			sourceTree = "<group>";
		};
		91973BA320A3B5EF00BEC521 /* Repository */ = {
			isa = PBXGroup;
			children = (
				91CE877D20A0ED430029B367 /* FirebaseReadableRepository.swift */,
				91CE877F20A0ED510029B367 /* FirebaseWritableRepository.swift */,
			);
			path = Repository;
			sourceTree = "<group>";
		};
		91CE876E20A0DF0A0029B367 /* Domain */ = {
			isa = PBXGroup;
			children = (
				91CE876F20A0DF1A0029B367 /* IceCream.swift */,
			);
			path = Domain;
			sourceTree = "<group>";
		};
		91CE877120A0DF870029B367 /* Core */ = {
			isa = PBXGroup;
			children = (
				91CE878120A0EF2D0029B367 /* Mapper */,
				91CE877B20A0E9EA0029B367 /* Repository */,
				91973B9520A3AD6B00BEC521 /* ModuleAssembly.swift */,
			);
			path = Core;
			sourceTree = "<group>";
		};
		91CE877820A0E8820029B367 /* Modules */ = {
			isa = PBXGroup;
			children = (
				91973B7320A3986300BEC521 /* IceCreamList */,
				91165DAE20A24B3A0034D120 /* CreateIceCream */,
			);
			path = Modules;
			sourceTree = "<group>";
		};
		91CE877920A0E8A50029B367 /* Resources */ = {
			isa = PBXGroup;
			children = (
				91E650C320A0D7EC0093800E /* Assets.xcassets */,
				91E650C520A0D7EC0093800E /* LaunchScreen.storyboard */,
			);
			path = Resources;
			sourceTree = "<group>";
		};
		91CE877A20A0E9DA0029B367 /* Services */ = {
			isa = PBXGroup;
			children = (
				91165DAB20A2470E0034D120 /* Shared */,
				91CE877C20A0EA550029B367 /* Firebase */,
			);
			path = Services;
			sourceTree = "<group>";
		};
		91CE877B20A0E9EA0029B367 /* Repository */ = {
			isa = PBXGroup;
			children = (
				91CE877220A0DF980029B367 /* Repository.swift */,
				91CE877620A0E7840029B367 /* ReadableRepository.swift */,
				91CE877420A0E7710029B367 /* WritableRepository.swift */,
			);
			path = Repository;
			sourceTree = "<group>";
		};
		91CE877C20A0EA550029B367 /* Firebase */ = {
			isa = PBXGroup;
			children = (
				91973B7120A38FA000BEC521 /* IceCreamToFirebaseObjectMapper.swift */,
				91973BA620A3BF4400BEC521 /* FirebaseObjectToIceCreamMapper.swift */,
				91973BA420A3B79C00BEC521 /* FirebaseCollectionMapper.swift */,
				91973B8720A3A3C000BEC521 /* FirebaseDataFetchStrategy */,
				91973BA320A3B5EF00BEC521 /* Repository */,
			);
			path = Firebase;
			sourceTree = "<group>";
		};
		91CE878120A0EF2D0029B367 /* Mapper */ = {
			isa = PBXGroup;
			children = (
				91CE878220A0EF350029B367 /* Mapper.swift */,
				91165DA420A240AE0034D120 /* BidirectionalMapper.swift */,
				91973BA820A3BFD700BEC521 /* TransitMapper.swift */,
				91973B9D20A3B23400BEC521 /* OptionalizeMapperOutput.swift */,
				91973BA120A3B54B00BEC521 /* OptionalizeMapperInput.swift */,
				91973B9F20A3B2F600BEC521 /* OptionalizeMapper.swift */,
			);
			path = Mapper;
			sourceTree = "<group>";
		};
		91E650B020A0D7EA0093800E = {
			isa = PBXGroup;
			children = (
				91E650BB20A0D7EA0093800E /* IceCreamFactory */,
				91E650D320A0D83A0093800E /* IceCreamViewer */,
				91E650BA20A0D7EA0093800E /* Products */,
				6F52340AEA2094D2272084F0 /* Pods */,
				DCBA9B803D7BD008FB2F0941 /* Frameworks */,
			);
			sourceTree = "<group>";
		};
		91E650BA20A0D7EA0093800E /* Products */ = {
			isa = PBXGroup;
			children = (
				91E650B920A0D7EA0093800E /* IceCreamFactory.app */,
				91E650D220A0D83A0093800E /* IceCreamViewer.app */,
			);
			name = Products;
			sourceTree = "<group>";
		};
		91E650BB20A0D7EA0093800E /* IceCreamFactory */ = {
			isa = PBXGroup;
			children = (
				91E650BC20A0D7EA0093800E /* AppDelegate.swift */,
				91CE877120A0DF870029B367 /* Core */,
				91CE876E20A0DF0A0029B367 /* Domain */,
				91CE877820A0E8820029B367 /* Modules */,
				91CE877A20A0E9DA0029B367 /* Services */,
				91CE877920A0E8A50029B367 /* Resources */,
				91E650C820A0D7EC0093800E /* Info.plist */,
				91CE876A20A0DA3C0029B367 /* GoogleService-Info.plist */,
			);
			path = IceCreamFactory;
			sourceTree = "<group>";
		};
		91E650D320A0D83A0093800E /* IceCreamViewer */ = {
			isa = PBXGroup;
			children = (
				91E650D420A0D83A0093800E /* AppDelegate.swift */,
				91E650D620A0D83A0093800E /* ViewController.swift */,
				91E650D820A0D83B0093800E /* Main.storyboard */,
				91E650DB20A0D83B0093800E /* Assets.xcassets */,
				91E650DD20A0D83B0093800E /* LaunchScreen.storyboard */,
				91E650E020A0D83B0093800E /* Info.plist */,
				91CE876C20A0DAC90029B367 /* GoogleService-Info.plist */,
			);
			path = IceCreamViewer;
			sourceTree = "<group>";
		};
		DCBA9B803D7BD008FB2F0941 /* Frameworks */ = {
			isa = PBXGroup;
			children = (
				B32272C0B0BD442C3AEC89FB /* Pods_IceCreamFactory.framework */,
				F77252DA80ACDD1B632E77F9 /* Pods_IceCreamViewer.framework */,
			);
			name = Frameworks;
			sourceTree = "<group>";
		};
/* End PBXGroup section */

/* Begin PBXNativeTarget section */
		91E650B820A0D7EA0093800E /* IceCreamFactory */ = {
			isa = PBXNativeTarget;
			buildConfigurationList = 91E650CB20A0D7EC0093800E /* Build configuration list for PBXNativeTarget "IceCreamFactory" */;
			buildPhases = (
				5383345BA67FCD80D0C48471 /* [CP] Check Pods Manifest.lock */,
				91E650B520A0D7EA0093800E /* Sources */,
				91E650B620A0D7EA0093800E /* Frameworks */,
				91E650B720A0D7EA0093800E /* Resources */,
				EB709CF5C8C992746CBA9D22 /* [CP] Embed Pods Frameworks */,
			);
			buildRules = (
			);
			dependencies = (
			);
			name = IceCreamFactory;
			productName = IceCreamFactory;
			productReference = 91E650B920A0D7EA0093800E /* IceCreamFactory.app */;
			productType = "com.apple.product-type.application";
		};
		91E650D120A0D83A0093800E /* IceCreamViewer */ = {
			isa = PBXNativeTarget;
			buildConfigurationList = 91E650E320A0D83C0093800E /* Build configuration list for PBXNativeTarget "IceCreamViewer" */;
			buildPhases = (
				D123405BC59B284D8AC23518 /* [CP] Check Pods Manifest.lock */,
				91E650CE20A0D83A0093800E /* Sources */,
				91E650CF20A0D83A0093800E /* Frameworks */,
				91E650D020A0D83A0093800E /* Resources */,
				630D0A4B5C394012BAE11D08 /* [CP] Embed Pods Frameworks */,
			);
			buildRules = (
			);
			dependencies = (
			);
			name = IceCreamViewer;
			productName = IceCreamViewer;
			productReference = 91E650D220A0D83A0093800E /* IceCreamViewer.app */;
			productType = "com.apple.product-type.application";
		};
/* End PBXNativeTarget section */

/* Begin PBXProject section */
		91E650B120A0D7EA0093800E /* Project object */ = {
			isa = PBXProject;
			attributes = {
				LastSwiftUpdateCheck = 0930;
				LastUpgradeCheck = 0930;
				ORGANIZATIONNAME = wonderbeard;
				TargetAttributes = {
					91E650B820A0D7EA0093800E = {
						CreatedOnToolsVersion = 9.3;
					};
					91E650D120A0D83A0093800E = {
						CreatedOnToolsVersion = 9.3;
					};
				};
			};
			buildConfigurationList = 91E650B420A0D7EA0093800E /* Build configuration list for PBXProject "IceCreamFactory" */;
			compatibilityVersion = "Xcode 9.3";
			developmentRegion = en;
			hasScannedForEncodings = 0;
			knownRegions = (
				en,
				Base,
			);
			mainGroup = 91E650B020A0D7EA0093800E;
			productRefGroup = 91E650BA20A0D7EA0093800E /* Products */;
			projectDirPath = "";
			projectRoot = "";
			targets = (
				91E650B820A0D7EA0093800E /* IceCreamFactory */,
				91E650D120A0D83A0093800E /* IceCreamViewer */,
			);
		};
/* End PBXProject section */

/* Begin PBXResourcesBuildPhase section */
		91E650B720A0D7EA0093800E /* Resources */ = {
			isa = PBXResourcesBuildPhase;
			buildActionMask = 2147483647;
			files = (
				91E650C720A0D7EC0093800E /* LaunchScreen.storyboard in Resources */,
				91CE876B20A0DA3C0029B367 /* GoogleService-Info.plist in Resources */,
				91165D9A20A22EC60034D120 /* CreateIceCreamViewController.storyboard in Resources */,
				91E650C420A0D7EC0093800E /* Assets.xcassets in Resources */,
				91973B7820A3989100BEC521 /* IceCreamListViewController.storyboard in Resources */,
			);
			runOnlyForDeploymentPostprocessing = 0;
		};
		91E650D020A0D83A0093800E /* Resources */ = {
			isa = PBXResourcesBuildPhase;
			buildActionMask = 2147483647;
			files = (
				91E650DF20A0D83B0093800E /* LaunchScreen.storyboard in Resources */,
				91CE876D20A0DAC90029B367 /* GoogleService-Info.plist in Resources */,
				91E650DC20A0D83B0093800E /* Assets.xcassets in Resources */,
				91E650DA20A0D83B0093800E /* Main.storyboard in Resources */,
			);
			runOnlyForDeploymentPostprocessing = 0;
		};
/* End PBXResourcesBuildPhase section */

/* Begin PBXShellScriptBuildPhase section */
		5383345BA67FCD80D0C48471 /* [CP] Check Pods Manifest.lock */ = {
			isa = PBXShellScriptBuildPhase;
			buildActionMask = 2147483647;
			files = (
			);
			inputPaths = (
				"${PODS_PODFILE_DIR_PATH}/Podfile.lock",
				"${PODS_ROOT}/Manifest.lock",
			);
			name = "[CP] Check Pods Manifest.lock";
			outputPaths = (
				"$(DERIVED_FILE_DIR)/Pods-IceCreamFactory-checkManifestLockResult.txt",
			);
			runOnlyForDeploymentPostprocessing = 0;
			shellPath = /bin/sh;
			shellScript = "diff \"${PODS_PODFILE_DIR_PATH}/Podfile.lock\" \"${PODS_ROOT}/Manifest.lock\" > /dev/null\nif [ $? != 0 ] ; then\n    # print error to STDERR\n    echo \"error: The sandbox is not in sync with the Podfile.lock. Run 'pod install' or update your CocoaPods installation.\" >&2\n    exit 1\nfi\n# This output is used by Xcode 'outputs' to avoid re-running this script phase.\necho \"SUCCESS\" > \"${SCRIPT_OUTPUT_FILE_0}\"\n";
			showEnvVarsInLog = 0;
		};
		630D0A4B5C394012BAE11D08 /* [CP] Embed Pods Frameworks */ = {
			isa = PBXShellScriptBuildPhase;
			buildActionMask = 2147483647;
			files = (
			);
			inputPaths = (
				"${SRCROOT}/Pods/Target Support Files/Pods-IceCreamViewer/Pods-IceCreamViewer-frameworks.sh",
				"${BUILT_PRODUCTS_DIR}/Differentiator/Differentiator.framework",
				"${BUILT_PRODUCTS_DIR}/GoogleToolboxForMac/GoogleToolboxForMac.framework",
				"${BUILT_PRODUCTS_DIR}/RxCocoa/RxCocoa.framework",
				"${BUILT_PRODUCTS_DIR}/RxDataSources/RxDataSources.framework",
				"${BUILT_PRODUCTS_DIR}/RxSwift/RxSwift.framework",
				"${BUILT_PRODUCTS_DIR}/leveldb-library/leveldb.framework",
				"${BUILT_PRODUCTS_DIR}/nanopb/nanopb.framework",
			);
			name = "[CP] Embed Pods Frameworks";
			outputPaths = (
				"${TARGET_BUILD_DIR}/${FRAMEWORKS_FOLDER_PATH}/Differentiator.framework",
				"${TARGET_BUILD_DIR}/${FRAMEWORKS_FOLDER_PATH}/GoogleToolboxForMac.framework",
				"${TARGET_BUILD_DIR}/${FRAMEWORKS_FOLDER_PATH}/RxCocoa.framework",
				"${TARGET_BUILD_DIR}/${FRAMEWORKS_FOLDER_PATH}/RxDataSources.framework",
				"${TARGET_BUILD_DIR}/${FRAMEWORKS_FOLDER_PATH}/RxSwift.framework",
				"${TARGET_BUILD_DIR}/${FRAMEWORKS_FOLDER_PATH}/leveldb.framework",
				"${TARGET_BUILD_DIR}/${FRAMEWORKS_FOLDER_PATH}/nanopb.framework",
			);
			runOnlyForDeploymentPostprocessing = 0;
			shellPath = /bin/sh;
			shellScript = "\"${SRCROOT}/Pods/Target Support Files/Pods-IceCreamViewer/Pods-IceCreamViewer-frameworks.sh\"\n";
			showEnvVarsInLog = 0;
		};
		D123405BC59B284D8AC23518 /* [CP] Check Pods Manifest.lock */ = {
			isa = PBXShellScriptBuildPhase;
			buildActionMask = 2147483647;
			files = (
			);
			inputPaths = (
				"${PODS_PODFILE_DIR_PATH}/Podfile.lock",
				"${PODS_ROOT}/Manifest.lock",
			);
			name = "[CP] Check Pods Manifest.lock";
			outputPaths = (
				"$(DERIVED_FILE_DIR)/Pods-IceCreamViewer-checkManifestLockResult.txt",
			);
			runOnlyForDeploymentPostprocessing = 0;
			shellPath = /bin/sh;
			shellScript = "diff \"${PODS_PODFILE_DIR_PATH}/Podfile.lock\" \"${PODS_ROOT}/Manifest.lock\" > /dev/null\nif [ $? != 0 ] ; then\n    # print error to STDERR\n    echo \"error: The sandbox is not in sync with the Podfile.lock. Run 'pod install' or update your CocoaPods installation.\" >&2\n    exit 1\nfi\n# This output is used by Xcode 'outputs' to avoid re-running this script phase.\necho \"SUCCESS\" > \"${SCRIPT_OUTPUT_FILE_0}\"\n";
			showEnvVarsInLog = 0;
		};
		EB709CF5C8C992746CBA9D22 /* [CP] Embed Pods Frameworks */ = {
			isa = PBXShellScriptBuildPhase;
			buildActionMask = 2147483647;
			files = (
			);
			inputPaths = (
				"${SRCROOT}/Pods/Target Support Files/Pods-IceCreamFactory/Pods-IceCreamFactory-frameworks.sh",
				"${BUILT_PRODUCTS_DIR}/Differentiator/Differentiator.framework",
				"${BUILT_PRODUCTS_DIR}/GoogleToolboxForMac/GoogleToolboxForMac.framework",
				"${BUILT_PRODUCTS_DIR}/RxCocoa/RxCocoa.framework",
				"${BUILT_PRODUCTS_DIR}/RxDataSources/RxDataSources.framework",
				"${BUILT_PRODUCTS_DIR}/RxSwift/RxSwift.framework",
				"${BUILT_PRODUCTS_DIR}/leveldb-library/leveldb.framework",
				"${BUILT_PRODUCTS_DIR}/nanopb/nanopb.framework",
			);
			name = "[CP] Embed Pods Frameworks";
			outputPaths = (
				"${TARGET_BUILD_DIR}/${FRAMEWORKS_FOLDER_PATH}/Differentiator.framework",
				"${TARGET_BUILD_DIR}/${FRAMEWORKS_FOLDER_PATH}/GoogleToolboxForMac.framework",
				"${TARGET_BUILD_DIR}/${FRAMEWORKS_FOLDER_PATH}/RxCocoa.framework",
				"${TARGET_BUILD_DIR}/${FRAMEWORKS_FOLDER_PATH}/RxDataSources.framework",
				"${TARGET_BUILD_DIR}/${FRAMEWORKS_FOLDER_PATH}/RxSwift.framework",
				"${TARGET_BUILD_DIR}/${FRAMEWORKS_FOLDER_PATH}/leveldb.framework",
				"${TARGET_BUILD_DIR}/${FRAMEWORKS_FOLDER_PATH}/nanopb.framework",
			);
			runOnlyForDeploymentPostprocessing = 0;
			shellPath = /bin/sh;
			shellScript = "\"${SRCROOT}/Pods/Target Support Files/Pods-IceCreamFactory/Pods-IceCreamFactory-frameworks.sh\"\n";
			showEnvVarsInLog = 0;
		};
/* End PBXShellScriptBuildPhase section */

/* Begin PBXSourcesBuildPhase section */
		91E650B520A0D7EA0093800E /* Sources */ = {
			isa = PBXSourcesBuildPhase;
			buildActionMask = 2147483647;
			files = (
				91973B7220A38FA000BEC521 /* IceCreamToFirebaseObjectMapper.swift in Sources */,
				91973B8D20A3A3F100BEC521 /* ObserveValueFirebaseDataFetchStrategy.swift in Sources */,
				91973B8420A39E3F00BEC521 /* IceCreamListInteractorInterface.swift in Sources */,
				91973BA220A3B54B00BEC521 /* OptionalizeMapperInput.swift in Sources */,
				91973B9A20A3B00200BEC521 /* CapitalizedStringMapper.swift in Sources */,
				91165D9620A22A060034D120 /* CreateIceCreamViewInterface.swift in Sources */,
				91165DAA20A2442F0034D120 /* CreateIceCreamInteractor.swift in Sources */,
				91165D9820A22EB10034D120 /* CreateIceCreamViewController.swift in Sources */,
				91973B7620A3988300BEC521 /* IceCreamListViewController.swift in Sources */,
				91165DA820A243C70034D120 /* CreateIceCreamModuleAssembly.swift in Sources */,
				91973B9220A3AC9F00BEC521 /* IceCreamListModuleAssembly.swift in Sources */,
				91973BA920A3BFD700BEC521 /* TransitMapper.swift in Sources */,
				91973B7A20A39A7D00BEC521 /* IceCreamListTableViewCell.swift in Sources */,
				91973B7F20A39DA400BEC521 /* IceCreamListPresenter.swift in Sources */,
				91165DA320A2353A0034D120 /* CreateIceCreamPresenterInterface.swift in Sources */,
				91165D9E20A234DC0034D120 /* CreateIceCreamPresenter.swift in Sources */,
				91CE877E20A0ED430029B367 /* FirebaseReadableRepository.swift in Sources */,
				91973B9620A3AD6B00BEC521 /* ModuleAssembly.swift in Sources */,
				91973B8920A3A3C700BEC521 /* FirebaseDataFetchStrategy.swift in Sources */,
				91973B9C20A3B1F600BEC521 /* NumberFormatterBidirectionalMapperAdapter.swift in Sources */,
				91E650BD20A0D7EA0093800E /* AppDelegate.swift in Sources */,
				91CE878020A0ED510029B367 /* FirebaseWritableRepository.swift in Sources */,
				91973BA520A3B79C00BEC521 /* FirebaseCollectionMapper.swift in Sources */,
				91973B7C20A39B0500BEC521 /* IceCreamListViewInterface.swift in Sources */,
				91CE877520A0E7710029B367 /* WritableRepository.swift in Sources */,
				91973B9E20A3B23400BEC521 /* OptionalizeMapperOutput.swift in Sources */,
				91973B8F20A3ABD300BEC521 /* IceCreamTemperatureMapper.swift in Sources */,
				91973B8B20A3A3DB00BEC521 /* SingleValueFirebaseDataFetchStrategy.swift in Sources */,
				91165DAD20A2471D0034D120 /* IceCreamWeightMapper.swift in Sources */,
				91973B8220A39E1800BEC521 /* IceCreamListInteractor.swift in Sources */,
				91165DA520A240AE0034D120 /* BidirectionalMapper.swift in Sources */,
				91165DA120A234FF0034D120 /* CreateIceCreamInteractorInterface.swift in Sources */,
				91CE878320A0EF350029B367 /* Mapper.swift in Sources */,
				91973BA020A3B2F600BEC521 /* OptionalizeMapper.swift in Sources */,
				91CE877720A0E7840029B367 /* ReadableRepository.swift in Sources */,
				91973BA720A3BF4400BEC521 /* FirebaseObjectToIceCreamMapper.swift in Sources */,
				91CE877020A0DF1A0029B367 /* IceCream.swift in Sources */,
				91CE877320A0DF980029B367 /* Repository.swift in Sources */,
				91973B9820A3AF7E00BEC521 /* UppercasedStringMapper.swift in Sources */,
			);
			runOnlyForDeploymentPostprocessing = 0;
		};
		91E650CE20A0D83A0093800E /* Sources */ = {
			isa = PBXSourcesBuildPhase;
			buildActionMask = 2147483647;
			files = (
				91E650D720A0D83A0093800E /* ViewController.swift in Sources */,
				91E650D520A0D83A0093800E /* AppDelegate.swift in Sources */,
			);
			runOnlyForDeploymentPostprocessing = 0;
		};
/* End PBXSourcesBuildPhase section */

/* Begin PBXVariantGroup section */
		91E650C520A0D7EC0093800E /* LaunchScreen.storyboard */ = {
			isa = PBXVariantGroup;
			children = (
				91E650C620A0D7EC0093800E /* Base */,
			);
			name = LaunchScreen.storyboard;
			sourceTree = "<group>";
		};
		91E650D820A0D83B0093800E /* Main.storyboard */ = {
			isa = PBXVariantGroup;
			children = (
				91E650D920A0D83B0093800E /* Base */,
			);
			name = Main.storyboard;
			sourceTree = "<group>";
		};
		91E650DD20A0D83B0093800E /* LaunchScreen.storyboard */ = {
			isa = PBXVariantGroup;
			children = (
				91E650DE20A0D83B0093800E /* Base */,
			);
			name = LaunchScreen.storyboard;
			sourceTree = "<group>";
		};
/* End PBXVariantGroup section */

/* Begin XCBuildConfiguration section */
		91E650C920A0D7EC0093800E /* Debug */ = {
			isa = XCBuildConfiguration;
			buildSettings = {
				ALWAYS_SEARCH_USER_PATHS = NO;
				CLANG_ANALYZER_NONNULL = YES;
				CLANG_ANALYZER_NUMBER_OBJECT_CONVERSION = YES_AGGRESSIVE;
				CLANG_CXX_LANGUAGE_STANDARD = "gnu++14";
				CLANG_CXX_LIBRARY = "libc++";
				CLANG_ENABLE_MODULES = YES;
				CLANG_ENABLE_OBJC_ARC = YES;
				CLANG_ENABLE_OBJC_WEAK = YES;
				CLANG_WARN_BLOCK_CAPTURE_AUTORELEASING = YES;
				CLANG_WARN_BOOL_CONVERSION = YES;
				CLANG_WARN_COMMA = YES;
				CLANG_WARN_CONSTANT_CONVERSION = YES;
				CLANG_WARN_DEPRECATED_OBJC_IMPLEMENTATIONS = YES;
				CLANG_WARN_DIRECT_OBJC_ISA_USAGE = YES_ERROR;
				CLANG_WARN_DOCUMENTATION_COMMENTS = YES;
				CLANG_WARN_EMPTY_BODY = YES;
				CLANG_WARN_ENUM_CONVERSION = YES;
				CLANG_WARN_INFINITE_RECURSION = YES;
				CLANG_WARN_INT_CONVERSION = YES;
				CLANG_WARN_NON_LITERAL_NULL_CONVERSION = YES;
				CLANG_WARN_OBJC_IMPLICIT_RETAIN_SELF = YES;
				CLANG_WARN_OBJC_LITERAL_CONVERSION = YES;
				CLANG_WARN_OBJC_ROOT_CLASS = YES_ERROR;
				CLANG_WARN_RANGE_LOOP_ANALYSIS = YES;
				CLANG_WARN_STRICT_PROTOTYPES = YES;
				CLANG_WARN_SUSPICIOUS_MOVE = YES;
				CLANG_WARN_UNGUARDED_AVAILABILITY = YES_AGGRESSIVE;
				CLANG_WARN_UNREACHABLE_CODE = YES;
				CLANG_WARN__DUPLICATE_METHOD_MATCH = YES;
				CODE_SIGN_IDENTITY = "iPhone Developer";
				COPY_PHASE_STRIP = NO;
				DEBUG_INFORMATION_FORMAT = dwarf;
				ENABLE_STRICT_OBJC_MSGSEND = YES;
				ENABLE_TESTABILITY = YES;
				GCC_C_LANGUAGE_STANDARD = gnu11;
				GCC_DYNAMIC_NO_PIC = NO;
				GCC_NO_COMMON_BLOCKS = YES;
				GCC_OPTIMIZATION_LEVEL = 0;
				GCC_PREPROCESSOR_DEFINITIONS = (
					"DEBUG=1",
					"$(inherited)",
				);
				GCC_WARN_64_TO_32_BIT_CONVERSION = YES;
				GCC_WARN_ABOUT_RETURN_TYPE = YES_ERROR;
				GCC_WARN_UNDECLARED_SELECTOR = YES;
				GCC_WARN_UNINITIALIZED_AUTOS = YES_AGGRESSIVE;
				GCC_WARN_UNUSED_FUNCTION = YES;
				GCC_WARN_UNUSED_VARIABLE = YES;
				IPHONEOS_DEPLOYMENT_TARGET = 11.3;
				MTL_ENABLE_DEBUG_INFO = YES;
				ONLY_ACTIVE_ARCH = YES;
				SDKROOT = iphoneos;
				SWIFT_ACTIVE_COMPILATION_CONDITIONS = DEBUG;
				SWIFT_OPTIMIZATION_LEVEL = "-Onone";
			};
			name = Debug;
		};
		91E650CA20A0D7EC0093800E /* Release */ = {
			isa = XCBuildConfiguration;
			buildSettings = {
				ALWAYS_SEARCH_USER_PATHS = NO;
				CLANG_ANALYZER_NONNULL = YES;
				CLANG_ANALYZER_NUMBER_OBJECT_CONVERSION = YES_AGGRESSIVE;
				CLANG_CXX_LANGUAGE_STANDARD = "gnu++14";
				CLANG_CXX_LIBRARY = "libc++";
				CLANG_ENABLE_MODULES = YES;
				CLANG_ENABLE_OBJC_ARC = YES;
				CLANG_ENABLE_OBJC_WEAK = YES;
				CLANG_WARN_BLOCK_CAPTURE_AUTORELEASING = YES;
				CLANG_WARN_BOOL_CONVERSION = YES;
				CLANG_WARN_COMMA = YES;
				CLANG_WARN_CONSTANT_CONVERSION = YES;
				CLANG_WARN_DEPRECATED_OBJC_IMPLEMENTATIONS = YES;
				CLANG_WARN_DIRECT_OBJC_ISA_USAGE = YES_ERROR;
				CLANG_WARN_DOCUMENTATION_COMMENTS = YES;
				CLANG_WARN_EMPTY_BODY = YES;
				CLANG_WARN_ENUM_CONVERSION = YES;
				CLANG_WARN_INFINITE_RECURSION = YES;
				CLANG_WARN_INT_CONVERSION = YES;
				CLANG_WARN_NON_LITERAL_NULL_CONVERSION = YES;
				CLANG_WARN_OBJC_IMPLICIT_RETAIN_SELF = YES;
				CLANG_WARN_OBJC_LITERAL_CONVERSION = YES;
				CLANG_WARN_OBJC_ROOT_CLASS = YES_ERROR;
				CLANG_WARN_RANGE_LOOP_ANALYSIS = YES;
				CLANG_WARN_STRICT_PROTOTYPES = YES;
				CLANG_WARN_SUSPICIOUS_MOVE = YES;
				CLANG_WARN_UNGUARDED_AVAILABILITY = YES_AGGRESSIVE;
				CLANG_WARN_UNREACHABLE_CODE = YES;
				CLANG_WARN__DUPLICATE_METHOD_MATCH = YES;
				CODE_SIGN_IDENTITY = "iPhone Developer";
				COPY_PHASE_STRIP = NO;
				DEBUG_INFORMATION_FORMAT = "dwarf-with-dsym";
				ENABLE_NS_ASSERTIONS = NO;
				ENABLE_STRICT_OBJC_MSGSEND = YES;
				GCC_C_LANGUAGE_STANDARD = gnu11;
				GCC_NO_COMMON_BLOCKS = YES;
				GCC_WARN_64_TO_32_BIT_CONVERSION = YES;
				GCC_WARN_ABOUT_RETURN_TYPE = YES_ERROR;
				GCC_WARN_UNDECLARED_SELECTOR = YES;
				GCC_WARN_UNINITIALIZED_AUTOS = YES_AGGRESSIVE;
				GCC_WARN_UNUSED_FUNCTION = YES;
				GCC_WARN_UNUSED_VARIABLE = YES;
				IPHONEOS_DEPLOYMENT_TARGET = 11.3;
				MTL_ENABLE_DEBUG_INFO = NO;
				SDKROOT = iphoneos;
				SWIFT_COMPILATION_MODE = wholemodule;
				SWIFT_OPTIMIZATION_LEVEL = "-O";
				VALIDATE_PRODUCT = YES;
			};
			name = Release;
		};
		91E650CC20A0D7EC0093800E /* Debug */ = {
			isa = XCBuildConfiguration;
			baseConfigurationReference = AA452B552D10EFC3FB8BA548 /* Pods-IceCreamFactory.debug.xcconfig */;
			buildSettings = {
				ASSETCATALOG_COMPILER_APPICON_NAME = AppIcon;
				CODE_SIGN_STYLE = Automatic;
				DEVELOPMENT_TEAM = 68RDDPSR29;
				INFOPLIST_FILE = IceCreamFactory/Info.plist;
				LD_RUNPATH_SEARCH_PATHS = (
					"$(inherited)",
					"@executable_path/Frameworks",
				);
				PRODUCT_BUNDLE_IDENTIFIER = com.wonderbeard.IceCreamFactory;
				PRODUCT_NAME = "$(TARGET_NAME)";
				SWIFT_VERSION = 4.0;
				TARGETED_DEVICE_FAMILY = "1,2";
			};
			name = Debug;
		};
		91E650CD20A0D7EC0093800E /* Release */ = {
			isa = XCBuildConfiguration;
			baseConfigurationReference = 5D1D8336127F0E0508EB1E43 /* Pods-IceCreamFactory.release.xcconfig */;
			buildSettings = {
				ASSETCATALOG_COMPILER_APPICON_NAME = AppIcon;
				CODE_SIGN_STYLE = Automatic;
				DEVELOPMENT_TEAM = 68RDDPSR29;
				INFOPLIST_FILE = IceCreamFactory/Info.plist;
				LD_RUNPATH_SEARCH_PATHS = (
					"$(inherited)",
					"@executable_path/Frameworks",
				);
				PRODUCT_BUNDLE_IDENTIFIER = com.wonderbeard.IceCreamFactory;
				PRODUCT_NAME = "$(TARGET_NAME)";
				SWIFT_VERSION = 4.0;
				TARGETED_DEVICE_FAMILY = "1,2";
			};
			name = Release;
		};
		91E650E120A0D83C0093800E /* Debug */ = {
			isa = XCBuildConfiguration;
			baseConfigurationReference = 4402A2591170EE1BF919C9C6 /* Pods-IceCreamViewer.debug.xcconfig */;
			buildSettings = {
				ASSETCATALOG_COMPILER_APPICON_NAME = AppIcon;
				CODE_SIGN_STYLE = Automatic;
				DEVELOPMENT_TEAM = 68RDDPSR29;
				INFOPLIST_FILE = IceCreamViewer/Info.plist;
				LD_RUNPATH_SEARCH_PATHS = (
					"$(inherited)",
					"@executable_path/Frameworks",
				);
				PRODUCT_BUNDLE_IDENTIFIER = com.wonderbeard.IceCreamViewer;
				PRODUCT_NAME = "$(TARGET_NAME)";
				SWIFT_VERSION = 4.0;
				TARGETED_DEVICE_FAMILY = "1,2";
			};
			name = Debug;
		};
		91E650E220A0D83C0093800E /* Release */ = {
			isa = XCBuildConfiguration;
			baseConfigurationReference = 040C9F5B2D9D03957C7E3C9B /* Pods-IceCreamViewer.release.xcconfig */;
			buildSettings = {
				ASSETCATALOG_COMPILER_APPICON_NAME = AppIcon;
				CODE_SIGN_STYLE = Automatic;
				DEVELOPMENT_TEAM = 68RDDPSR29;
				INFOPLIST_FILE = IceCreamViewer/Info.plist;
				LD_RUNPATH_SEARCH_PATHS = (
					"$(inherited)",
					"@executable_path/Frameworks",
				);
				PRODUCT_BUNDLE_IDENTIFIER = com.wonderbeard.IceCreamViewer;
				PRODUCT_NAME = "$(TARGET_NAME)";
				SWIFT_VERSION = 4.0;
				TARGETED_DEVICE_FAMILY = "1,2";
			};
			name = Release;
		};
/* End XCBuildConfiguration section */

/* Begin XCConfigurationList section */
		91E650B420A0D7EA0093800E /* Build configuration list for PBXProject "IceCreamFactory" */ = {
			isa = XCConfigurationList;
			buildConfigurations = (
				91E650C920A0D7EC0093800E /* Debug */,
				91E650CA20A0D7EC0093800E /* Release */,
			);
			defaultConfigurationIsVisible = 0;
			defaultConfigurationName = Release;
		};
		91E650CB20A0D7EC0093800E /* Build configuration list for PBXNativeTarget "IceCreamFactory" */ = {
			isa = XCConfigurationList;
			buildConfigurations = (
				91E650CC20A0D7EC0093800E /* Debug */,
				91E650CD20A0D7EC0093800E /* Release */,
			);
			defaultConfigurationIsVisible = 0;
			defaultConfigurationName = Release;
		};
		91E650E320A0D83C0093800E /* Build configuration list for PBXNativeTarget "IceCreamViewer" */ = {
			isa = XCConfigurationList;
			buildConfigurations = (
				91E650E120A0D83C0093800E /* Debug */,
				91E650E220A0D83C0093800E /* Release */,
			);
			defaultConfigurationIsVisible = 0;
			defaultConfigurationName = Release;
		};
/* End XCConfigurationList section */
	};
	rootObject = 91E650B120A0D7EA0093800E /* Project object */;
}
